
Microsoft Visual Studio Solution File, Format Version 12.00
# Visual Studio Version 16
VisualStudioVersion = 16.0.29411.108
MinimumVisualStudioVersion = 10.0.40219.1
Project("{FAE04EC0-301F-11D3-BF4B-00C04F79EFBC}") = "NetCoreDemo", "NetCoreDemo.csproj", "{6704E85E-F54F-4F7D-ABA5-38F2CE41549B}"
EndProject
Global
	GlobalSection(SolutionConfigurationPlatforms) = preSolution
		Debug|Any CPU = Debug|Any CPU
		Release|Any CPU = Release|Any CPU
	EndGlobalSection
	GlobalSection(ProjectConfigurationPlatforms) = postSolution
		{6704E85E-F54F-4F7D-ABA5-38F2CE41549B}.Debug|Any CPU.ActiveCfg = Debug|Any CPU
		{6704E85E-F54F-4F7D-ABA5-38F2CE41549B}.Debug|Any CPU.Build.0 = Debug|Any CPU
		{6704E85E-F54F-4F7D-ABA5-38F2CE41549B}.Release|Any CPU.ActiveCfg = Release|Any CPU
		{6704E85E-F54F-4F7D-ABA5-38F2CE41549B}.Release|Any CPU.Build.0 = Release|Any CPU
	EndGlobalSection
	GlobalSection(SolutionProperties) = preSolution
		HideSolutionNode = FALSE
	EndGlobalSection
	GlobalSection(ExtensibilityGlobals) = postSolution
		SolutionGuid = {46A5E778-F2A5-450F-AC94-632A6F103F72}
	EndGlobalSection
EndGlobal
